
Microsoft Visual Studio Solution File, Format Version 12.00
# Visual Studio Version 17
VisualStudioVersion = 17.4.33103.184
MinimumVisualStudioVersion = 10.0.40219.1
Project("{FAE04EC0-301F-11D3-BF4B-00C04F79EFBC}") = "FrontEnd", "FrontEnd\FrontEnd.csproj", "{F395B65E-0E3A-46F8-BB1D-197D3C35DB64}"
EndProject
Global
	GlobalSection(SolutionConfigurationPlatforms) = preSolution
		Debug|Any CPU = Debug|Any CPU
		Release|Any CPU = Release|Any CPU
	EndGlobalSection
	GlobalSection(ProjectConfigurationPlatforms) = postSolution
		{F395B65E-0E3A-46F8-BB1D-197D3C35DB64}.Debug|Any CPU.ActiveCfg = Debug|Any CPU
		{F395B65E-0E3A-46F8-BB1D-197D3C35DB64}.Debug|Any CPU.Build.0 = Debug|Any CPU
		{F395B65E-0E3A-46F8-BB1D-197D3C35DB64}.Release|Any CPU.ActiveCfg = Release|Any CPU
		{F395B65E-0E3A-46F8-BB1D-197D3C35DB64}.Release|Any CPU.Build.0 = Release|Any CPU
	EndGlobalSection
	GlobalSection(SolutionProperties) = preSolution
		HideSolutionNode = FALSE
	EndGlobalSection
	GlobalSection(ExtensibilityGlobals) = postSolution
		SolutionGuid = {1636028A-9DFB-4A8E-8370-F96BA92F10AC}
	EndGlobalSection
EndGlobal
